
Microsoft Visual Studio Solution File, Format Version 12.00
# Visual Studio Version 17
VisualStudioVersion = 17.3.32922.545
MinimumVisualStudioVersion = 10.0.40219.1
Project("{FAE04EC0-301F-11D3-BF4B-00C04F79EFBC}") = "Password Generator", "Password Generator\Password Generator.csproj", "{AB57C68E-A22D-4939-8803-3CDA43327C75}"
EndProject
Global
	GlobalSection(SolutionConfigurationPlatforms) = preSolution
		Debug|Any CPU = Debug|Any CPU
		Release|Any CPU = Release|Any CPU
	EndGlobalSection
	GlobalSection(ProjectConfigurationPlatforms) = postSolution
		{AB57C68E-A22D-4939-8803-3CDA43327C75}.Debug|Any CPU.ActiveCfg = Debug|Any CPU
		{AB57C68E-A22D-4939-8803-3CDA43327C75}.Debug|Any CPU.Build.0 = Debug|Any CPU
		{AB57C68E-A22D-4939-8803-3CDA43327C75}.Release|Any CPU.ActiveCfg = Release|Any CPU
		{AB57C68E-A22D-4939-8803-3CDA43327C75}.Release|Any CPU.Build.0 = Release|Any CPU
	EndGlobalSection
	GlobalSection(SolutionProperties) = preSolution
		HideSolutionNode = FALSE
	EndGlobalSection
	GlobalSection(ExtensibilityGlobals) = postSolution
		SolutionGuid = {A1BD853D-2EA5-48AB-A442-00F8C6786012}
	EndGlobalSection
EndGlobal
